
Microsoft Visual Studio Solution File, Format Version 12.00
# Visual Studio Version 17
VisualStudioVersion = 17.7.34024.191
MinimumVisualStudioVersion = 10.0.40219.1
Project("{FAE04EC0-301F-11D3-BF4B-00C04F79EFBC}") = "Zoo", "Zoo\Zoo.csproj", "{13B59BCD-CEE8-4B46-A26D-D41BD57B0D9A}"
EndProject
Global
	GlobalSection(SolutionConfigurationPlatforms) = preSolution
		Debug|Any CPU = Debug|Any CPU
		Release|Any CPU = Release|Any CPU
	EndGlobalSection
	GlobalSection(ProjectConfigurationPlatforms) = postSolution
		{13B59BCD-CEE8-4B46-A26D-D41BD57B0D9A}.Debug|Any CPU.ActiveCfg = Debug|Any CPU
		{13B59BCD-CEE8-4B46-A26D-D41BD57B0D9A}.Debug|Any CPU.Build.0 = Debug|Any CPU
		{13B59BCD-CEE8-4B46-A26D-D41BD57B0D9A}.Release|Any CPU.ActiveCfg = Release|Any CPU
		{13B59BCD-CEE8-4B46-A26D-D41BD57B0D9A}.Release|Any CPU.Build.0 = Release|Any CPU
	EndGlobalSection
	GlobalSection(SolutionProperties) = preSolution
		HideSolutionNode = FALSE
	EndGlobalSection
	GlobalSection(ExtensibilityGlobals) = postSolution
		SolutionGuid = {6ECC2B0D-BC4D-426D-9634-1A769B66AA8D}
	EndGlobalSection
EndGlobal
